// !$*UTF8*$!
{
	archiveVersion = 1;
	classes = {
	};
	objectVersion = 46;
	objects = {

/* Begin PBXBuildFile section */
		4815A95F1D421D3400A542FC /* PassTableViewCell.swift in Sources */ = {isa = PBXBuildFile; fileRef = 4815A95E1D421D3400A542FC /* PassTableViewCell.swift */; };
		48252B2D1D42A58A009D64B2 /* OvTijdCore.framework in Frameworks */ = {isa = PBXBuildFile; fileRef = 48252B2C1D42A58A009D64B2 /* OvTijdCore.framework */; };
		485DC9761D5679B9001E95CF /* UINavigationBarSubtitleLabel.swift in Sources */ = {isa = PBXBuildFile; fileRef = 485DC9751D5679B8001E95CF /* UINavigationBarSubtitleLabel.swift */; };
		485DC9781D567B8D001E95CF /* JourneyOverviewTableViewController.swift in Sources */ = {isa = PBXBuildFile; fileRef = 485DC9771D567B8D001E95CF /* JourneyOverviewTableViewController.swift */; };
		485DC97E1D568858001E95CF /* JourneyPassCellTableViewCell.swift in Sources */ = {isa = PBXBuildFile; fileRef = 485DC97D1D568858001E95CF /* JourneyPassCellTableViewCell.swift */; };
		485DC9801D56893E001E95CF /* PlanningView.swift in Sources */ = {isa = PBXBuildFile; fileRef = 485DC97F1D56893E001E95CF /* PlanningView.swift */; };
		4872B0751D51157100845E3B /* AnnotatedLabel.swift in Sources */ = {isa = PBXBuildFile; fileRef = 4872B0741D51157100845E3B /* AnnotatedLabel.swift */; };
		4880A28F1D58A97800D03F14 /* StopIndicator.swift in Sources */ = {isa = PBXBuildFile; fileRef = 4880A28E1D58A97800D03F14 /* StopIndicator.swift */; };
		48A8916C1D379E070010A609 /* StopAreaTableViewCell.swift in Sources */ = {isa = PBXBuildFile; fileRef = 48A8916B1D379E070010A609 /* StopAreaTableViewCell.swift */; };
		48B79F8A1D2FF4FC00E6365A /* AppDelegate.swift in Sources */ = {isa = PBXBuildFile; fileRef = 48B79F891D2FF4FC00E6365A /* AppDelegate.swift */; };
		48B79F8F1D2FF4FC00E6365A /* Main.storyboard in Resources */ = {isa = PBXBuildFile; fileRef = 48B79F8D1D2FF4FC00E6365A /* Main.storyboard */; };
		48B79F911D2FF4FC00E6365A /* Assets.xcassets in Resources */ = {isa = PBXBuildFile; fileRef = 48B79F901D2FF4FC00E6365A /* Assets.xcassets */; };
		48B79F941D2FF4FC00E6365A /* LaunchScreen.storyboard in Resources */ = {isa = PBXBuildFile; fileRef = 48B79F921D2FF4FC00E6365A /* LaunchScreen.storyboard */; };
		48B79F9F1D3021CD00E6365A /* StopAreaOverviewTableViewController.swift in Sources */ = {isa = PBXBuildFile; fileRef = 48B79F9E1D3021CD00E6365A /* StopAreaOverviewTableViewController.swift */; };
		48C365331D41080100827C88 /* StopAreaDetailViewController.swift in Sources */ = {isa = PBXBuildFile; fileRef = 48C365321D41080100827C88 /* StopAreaDetailViewController.swift */; };
		48C365351D410BE100827C88 /* MapKit.framework in Frameworks */ = {isa = PBXBuildFile; fileRef = 48C365341D410BE100827C88 /* MapKit.framework */; };
		48E9971B1D60D5E700BBD8CC /* OvTijdCore.framework in Embed Frameworks */ = {isa = PBXBuildFile; fileRef = 48E997191D60D5E700BBD8CC /* OvTijdCore.framework */; settings = {ATTRIBUTES = (CodeSignOnCopy, RemoveHeadersOnCopy, ); }; };
		48E9971E1D60D60900BBD8CC /* SwiftyJSON.framework in Frameworks */ = {isa = PBXBuildFile; fileRef = 48E9971D1D60D60900BBD8CC /* SwiftyJSON.framework */; };
		48E9971F1D60D60900BBD8CC /* SwiftyJSON.framework in Embed Frameworks */ = {isa = PBXBuildFile; fileRef = 48E9971D1D60D60900BBD8CC /* SwiftyJSON.framework */; settings = {ATTRIBUTES = (CodeSignOnCopy, RemoveHeadersOnCopy, ); }; };
		48E997211D60FD8E00BBD8CC /* ScreenFillingMessage.xib in Resources */ = {isa = PBXBuildFile; fileRef = 48E997201D60FD8E00BBD8CC /* ScreenFillingMessage.xib */; };
		48E997231D61052F00BBD8CC /* ScreenFillingMessage.swift in Sources */ = {isa = PBXBuildFile; fileRef = 48E997221D61052F00BBD8CC /* ScreenFillingMessage.swift */; };
		48F8B99F1D632865004EF6FF /* ScrollingMessages.swift in Sources */ = {isa = PBXBuildFile; fileRef = 48F8B99E1D632865004EF6FF /* ScrollingMessages.swift */; };
/* End PBXBuildFile section */

/* Begin PBXCopyFilesBuildPhase section */
		48E9971C1D60D5E700BBD8CC /* Embed Frameworks */ = {
			isa = PBXCopyFilesBuildPhase;
			buildActionMask = 2147483647;
			dstPath = "";
			dstSubfolderSpec = 10;
			files = (
				48E9971F1D60D60900BBD8CC /* SwiftyJSON.framework in Embed Frameworks */,
				48E9971B1D60D5E700BBD8CC /* OvTijdCore.framework in Embed Frameworks */,
			);
			name = "Embed Frameworks";
			runOnlyForDeploymentPostprocessing = 0;
		};
/* End PBXCopyFilesBuildPhase section */

/* Begin PBXFileReference section */
		4815A95E1D421D3400A542FC /* PassTableViewCell.swift */ = {isa = PBXFileReference; fileEncoding = 4; lastKnownFileType = sourcecode.swift; path = PassTableViewCell.swift; sourceTree = "<group>"; };
		48252B2C1D42A58A009D64B2 /* OvTijdCore.framework */ = {isa = PBXFileReference; lastKnownFileType = wrapper.framework; name = OvTijdCore.framework; path = "../../../Library/Developer/Xcode/DerivedData/OvTijdWorkspace-bsjylqmhdwtsyjfrdstfbpqdmthq/Build/Products/Debug-iphonesimulator/OvTijdCore.framework"; sourceTree = "<group>"; };
		485DC9751D5679B8001E95CF /* UINavigationBarSubtitleLabel.swift */ = {isa = PBXFileReference; fileEncoding = 4; lastKnownFileType = sourcecode.swift; path = UINavigationBarSubtitleLabel.swift; sourceTree = "<group>"; };
		485DC9771D567B8D001E95CF /* JourneyOverviewTableViewController.swift */ = {isa = PBXFileReference; fileEncoding = 4; lastKnownFileType = sourcecode.swift; path = JourneyOverviewTableViewController.swift; sourceTree = "<group>"; };
		485DC97D1D568858001E95CF /* JourneyPassCellTableViewCell.swift */ = {isa = PBXFileReference; fileEncoding = 4; lastKnownFileType = sourcecode.swift; path = JourneyPassCellTableViewCell.swift; sourceTree = "<group>"; };
		485DC97F1D56893E001E95CF /* PlanningView.swift */ = {isa = PBXFileReference; fileEncoding = 4; lastKnownFileType = sourcecode.swift; path = PlanningView.swift; sourceTree = "<group>"; };
		4872B0741D51157100845E3B /* AnnotatedLabel.swift */ = {isa = PBXFileReference; fileEncoding = 4; lastKnownFileType = sourcecode.swift; path = AnnotatedLabel.swift; sourceTree = "<group>"; };
		4880A28E1D58A97800D03F14 /* StopIndicator.swift */ = {isa = PBXFileReference; fileEncoding = 4; lastKnownFileType = sourcecode.swift; path = StopIndicator.swift; sourceTree = "<group>"; };
		48A8916B1D379E070010A609 /* StopAreaTableViewCell.swift */ = {isa = PBXFileReference; fileEncoding = 4; lastKnownFileType = sourcecode.swift; path = StopAreaTableViewCell.swift; sourceTree = "<group>"; };
		48B79F861D2FF4FC00E6365A /* OvTijd.app */ = {isa = PBXFileReference; explicitFileType = wrapper.application; includeInIndex = 0; path = OvTijd.app; sourceTree = BUILT_PRODUCTS_DIR; };
		48B79F891D2FF4FC00E6365A /* AppDelegate.swift */ = {isa = PBXFileReference; lastKnownFileType = sourcecode.swift; path = AppDelegate.swift; sourceTree = "<group>"; };
		48B79F8E1D2FF4FC00E6365A /* Base */ = {isa = PBXFileReference; lastKnownFileType = file.storyboard; name = Base; path = Base.lproj/Main.storyboard; sourceTree = "<group>"; };
		48B79F901D2FF4FC00E6365A /* Assets.xcassets */ = {isa = PBXFileReference; lastKnownFileType = folder.assetcatalog; path = Assets.xcassets; sourceTree = "<group>"; };
		48B79F931D2FF4FC00E6365A /* Base */ = {isa = PBXFileReference; lastKnownFileType = file.storyboard; name = Base; path = Base.lproj/LaunchScreen.storyboard; sourceTree = "<group>"; };
		48B79F951D2FF4FC00E6365A /* Info.plist */ = {isa = PBXFileReference; lastKnownFileType = text.plist.xml; path = Info.plist; sourceTree = "<group>"; };
		48B79F9E1D3021CD00E6365A /* StopAreaOverviewTableViewController.swift */ = {isa = PBXFileReference; fileEncoding = 4; lastKnownFileType = sourcecode.swift; path = StopAreaOverviewTableViewController.swift; sourceTree = "<group>"; };
		48C365321D41080100827C88 /* StopAreaDetailViewController.swift */ = {isa = PBXFileReference; fileEncoding = 4; lastKnownFileType = sourcecode.swift; path = StopAreaDetailViewController.swift; sourceTree = "<group>"; };
		48C365341D410BE100827C88 /* MapKit.framework */ = {isa = PBXFileReference; lastKnownFileType = wrapper.framework; name = MapKit.framework; path = System/Library/Frameworks/MapKit.framework; sourceTree = SDKROOT; };
		48E997191D60D5E700BBD8CC /* OvTijdCore.framework */ = {isa = PBXFileReference; explicitFileType = wrapper.framework; name = OvTijdCore.framework; path = "/Users/larsstegman/Library/Developer/Xcode/DerivedData/OvTijdWorkspace-bsjylqmhdwtsyjfrdstfbpqdmthq/Build/Products/Debug-iphoneos/OvTijdCore.framework"; sourceTree = "<absolute>"; };
		48E9971D1D60D60900BBD8CC /* SwiftyJSON.framework */ = {isa = PBXFileReference; explicitFileType = wrapper.framework; name = SwiftyJSON.framework; path = "/Users/larsstegman/Library/Developer/Xcode/DerivedData/OvTijdWorkspace-bsjylqmhdwtsyjfrdstfbpqdmthq/Build/Products/Debug-iphoneos/SwiftyJSON.framework"; sourceTree = "<absolute>"; };
		48E997201D60FD8E00BBD8CC /* ScreenFillingMessage.xib */ = {isa = PBXFileReference; fileEncoding = 4; lastKnownFileType = file.xib; path = ScreenFillingMessage.xib; sourceTree = "<group>"; };
		48E997221D61052F00BBD8CC /* ScreenFillingMessage.swift */ = {isa = PBXFileReference; fileEncoding = 4; lastKnownFileType = sourcecode.swift; path = ScreenFillingMessage.swift; sourceTree = "<group>"; };
		48F8B99E1D632865004EF6FF /* ScrollingMessages.swift */ = {isa = PBXFileReference; fileEncoding = 4; lastKnownFileType = sourcecode.swift; path = ScrollingMessages.swift; sourceTree = "<group>"; };
/* End PBXFileReference section */

/* Begin PBXFrameworksBuildPhase section */
		48B79F831D2FF4FC00E6365A /* Frameworks */ = {
			isa = PBXFrameworksBuildPhase;
			buildActionMask = 2147483647;
			files = (
				48E9971E1D60D60900BBD8CC /* SwiftyJSON.framework in Frameworks */,
				48252B2D1D42A58A009D64B2 /* OvTijdCore.framework in Frameworks */,
				48C365351D410BE100827C88 /* MapKit.framework in Frameworks */,
			);
			runOnlyForDeploymentPostprocessing = 0;
		};
/* End PBXFrameworksBuildPhase section */

/* Begin PBXGroup section */
		4885FC461D5C7D1700A1A581 /* Journey */ = {
			isa = PBXGroup;
			children = (
				485DC97D1D568858001E95CF /* JourneyPassCellTableViewCell.swift */,
				485DC9771D567B8D001E95CF /* JourneyOverviewTableViewController.swift */,
				4880A28E1D58A97800D03F14 /* StopIndicator.swift */,
			);
			name = Journey;
			sourceTree = "<group>";
		};
		4885FC471D5C7E0600A1A581 /* Pass */ = {
			isa = PBXGroup;
			children = (
				4815A95E1D421D3400A542FC /* PassTableViewCell.swift */,
				48C365321D41080100827C88 /* StopAreaDetailViewController.swift */,
				48F8B99E1D632865004EF6FF /* ScrollingMessages.swift */,
			);
			name = Pass;
			sourceTree = "<group>";
		};
		4885FC481D5C7E3800A1A581 /* Stop Area */ = {
			isa = PBXGroup;
			children = (
				48A8916B1D379E070010A609 /* StopAreaTableViewCell.swift */,
				48B79F9E1D3021CD00E6365A /* StopAreaOverviewTableViewController.swift */,
			);
			name = "Stop Area";
			sourceTree = "<group>";
		};
		48B79F7D1D2FF4FC00E6365A = {
			isa = PBXGroup;
			children = (
				48E9971D1D60D60900BBD8CC /* SwiftyJSON.framework */,
				48E997191D60D5E700BBD8CC /* OvTijdCore.framework */,
				48252B2C1D42A58A009D64B2 /* OvTijdCore.framework */,
				48C365341D410BE100827C88 /* MapKit.framework */,
				48B79F881D2FF4FC00E6365A /* Source */,
				48B79F871D2FF4FC00E6365A /* Products */,
			);
			sourceTree = "<group>";
		};
		48B79F871D2FF4FC00E6365A /* Products */ = {
			isa = PBXGroup;
			children = (
				48B79F861D2FF4FC00E6365A /* OvTijd.app */,
			);
			name = Products;
			sourceTree = "<group>";
		};
		48B79F881D2FF4FC00E6365A /* Source */ = {
			isa = PBXGroup;
			children = (
				48B79F9B1D2FF53A00E6365A /* Supporting Files */,
				48B79F8D1D2FF4FC00E6365A /* Main.storyboard */,
				4885FC461D5C7D1700A1A581 /* Journey */,
				4885FC471D5C7E0600A1A581 /* Pass */,
				4885FC481D5C7E3800A1A581 /* Stop Area */,
				48B79F951D2FF4FC00E6365A /* Info.plist */,
				4872B0741D51157100845E3B /* AnnotatedLabel.swift */,
				485DC9751D5679B8001E95CF /* UINavigationBarSubtitleLabel.swift */,
				485DC97F1D56893E001E95CF /* PlanningView.swift */,
				48E997201D60FD8E00BBD8CC /* ScreenFillingMessage.xib */,
				48E997221D61052F00BBD8CC /* ScreenFillingMessage.swift */,
			);
			name = Source;
			path = OvTijd;
			sourceTree = "<group>";
		};
		48B79F9B1D2FF53A00E6365A /* Supporting Files */ = {
			isa = PBXGroup;
			children = (
				48B79F891D2FF4FC00E6365A /* AppDelegate.swift */,
				48B79F901D2FF4FC00E6365A /* Assets.xcassets */,
				48B79F921D2FF4FC00E6365A /* LaunchScreen.storyboard */,
			);
			name = "Supporting Files";
			sourceTree = "<group>";
		};
/* End PBXGroup section */

/* Begin PBXHeadersBuildPhase section */
		48568B901D37FB1D005C97CC /* Headers */ = {
			isa = PBXHeadersBuildPhase;
			buildActionMask = 2147483647;
			files = (
			);
			runOnlyForDeploymentPostprocessing = 0;
		};
/* End PBXHeadersBuildPhase section */

/* Begin PBXNativeTarget section */
		48B79F851D2FF4FC00E6365A /* OvTijd */ = {
			isa = PBXNativeTarget;
			buildConfigurationList = 48B79F981D2FF4FC00E6365A /* Build configuration list for PBXNativeTarget "OvTijd" */;
			buildPhases = (
				48B79F821D2FF4FC00E6365A /* Sources */,
				48B79F831D2FF4FC00E6365A /* Frameworks */,
				48B79F841D2FF4FC00E6365A /* Resources */,
				48568B901D37FB1D005C97CC /* Headers */,
				48E9971C1D60D5E700BBD8CC /* Embed Frameworks */,
			);
			buildRules = (
			);
			dependencies = (
			);
			name = OvTijd;
			productName = OvTijd;
			productReference = 48B79F861D2FF4FC00E6365A /* OvTijd.app */;
			productType = "com.apple.product-type.application";
		};
/* End PBXNativeTarget section */

/* Begin PBXProject section */
		48B79F7E1D2FF4FC00E6365A /* Project object */ = {
			isa = PBXProject;
			attributes = {
				LastSwiftUpdateCheck = 0730;
				LastUpgradeCheck = 0730;
				ORGANIZATIONNAME = Stegman;
				TargetAttributes = {
					48B79F851D2FF4FC00E6365A = {
						CreatedOnToolsVersion = 7.3.1;
						DevelopmentTeam = 34S7DCU8S9;
						SystemCapabilities = {
							com.apple.Maps.iOS = {
								enabled = 1;
							};
						};
					};
				};
			};
			buildConfigurationList = 48B79F811D2FF4FC00E6365A /* Build configuration list for PBXProject "OvTijd" */;
			compatibilityVersion = "Xcode 3.2";
			developmentRegion = English;
			hasScannedForEncodings = 0;
			knownRegions = (
				en,
				Base,
			);
			mainGroup = 48B79F7D1D2FF4FC00E6365A;
			productRefGroup = 48B79F871D2FF4FC00E6365A /* Products */;
			projectDirPath = "";
			projectRoot = "";
			targets = (
				48B79F851D2FF4FC00E6365A /* OvTijd */,
			);
		};
/* End PBXProject section */

/* Begin PBXResourcesBuildPhase section */
		48B79F841D2FF4FC00E6365A /* Resources */ = {
			isa = PBXResourcesBuildPhase;
			buildActionMask = 2147483647;
			files = (
				48B79F941D2FF4FC00E6365A /* LaunchScreen.storyboard in Resources */,
				48B79F911D2FF4FC00E6365A /* Assets.xcassets in Resources */,
				48B79F8F1D2FF4FC00E6365A /* Main.storyboard in Resources */,
				48E997211D60FD8E00BBD8CC /* ScreenFillingMessage.xib in Resources */,
			);
			runOnlyForDeploymentPostprocessing = 0;
		};
/* End PBXResourcesBuildPhase section */

/* Begin PBXSourcesBuildPhase section */
		48B79F821D2FF4FC00E6365A /* Sources */ = {
			isa = PBXSourcesBuildPhase;
			buildActionMask = 2147483647;
			files = (
				48F8B99F1D632865004EF6FF /* ScrollingMessages.swift in Sources */,
				48B79F9F1D3021CD00E6365A /* StopAreaOverviewTableViewController.swift in Sources */,
				485DC9801D56893E001E95CF /* PlanningView.swift in Sources */,
				4880A28F1D58A97800D03F14 /* StopIndicator.swift in Sources */,
				4872B0751D51157100845E3B /* AnnotatedLabel.swift in Sources */,
				48C365331D41080100827C88 /* StopAreaDetailViewController.swift in Sources */,
				485DC9761D5679B9001E95CF /* UINavigationBarSubtitleLabel.swift in Sources */,
				4815A95F1D421D3400A542FC /* PassTableViewCell.swift in Sources */,
				48E997231D61052F00BBD8CC /* ScreenFillingMessage.swift in Sources */,
				485DC9781D567B8D001E95CF /* JourneyOverviewTableViewController.swift in Sources */,
				48A8916C1D379E070010A609 /* StopAreaTableViewCell.swift in Sources */,
				48B79F8A1D2FF4FC00E6365A /* AppDelegate.swift in Sources */,
				485DC97E1D568858001E95CF /* JourneyPassCellTableViewCell.swift in Sources */,
			);
			runOnlyForDeploymentPostprocessing = 0;
		};
/* End PBXSourcesBuildPhase section */

/* Begin PBXVariantGroup section */
		48B79F8D1D2FF4FC00E6365A /* Main.storyboard */ = {
			isa = PBXVariantGroup;
			children = (
				48B79F8E1D2FF4FC00E6365A /* Base */,
			);
			name = Main.storyboard;
			sourceTree = "<group>";
		};
		48B79F921D2FF4FC00E6365A /* LaunchScreen.storyboard */ = {
			isa = PBXVariantGroup;
			children = (
				48B79F931D2FF4FC00E6365A /* Base */,
			);
			name = LaunchScreen.storyboard;
			sourceTree = "<group>";
		};
/* End PBXVariantGroup section */

/* Begin XCBuildConfiguration section */
		48B79F961D2FF4FC00E6365A /* Debug */ = {
			isa = XCBuildConfiguration;
			buildSettings = {
				ALWAYS_SEARCH_USER_PATHS = NO;
				CLANG_ANALYZER_NONNULL = YES;
				CLANG_CXX_LANGUAGE_STANDARD = "gnu++0x";
				CLANG_CXX_LIBRARY = "libc++";
				CLANG_ENABLE_MODULES = YES;
				CLANG_ENABLE_OBJC_ARC = YES;
				CLANG_WARN_BOOL_CONVERSION = YES;
				CLANG_WARN_CONSTANT_CONVERSION = YES;
				CLANG_WARN_DIRECT_OBJC_ISA_USAGE = YES_ERROR;
				CLANG_WARN_EMPTY_BODY = YES;
				CLANG_WARN_ENUM_CONVERSION = YES;
				CLANG_WARN_INT_CONVERSION = YES;
				CLANG_WARN_OBJC_ROOT_CLASS = YES_ERROR;
				CLANG_WARN_UNREACHABLE_CODE = YES;
				CLANG_WARN__DUPLICATE_METHOD_MATCH = YES;
				"CODE_SIGN_IDENTITY[sdk=iphoneos*]" = "iPhone Developer";
				COPY_PHASE_STRIP = NO;
				DEBUG_INFORMATION_FORMAT = dwarf;
				ENABLE_STRICT_OBJC_MSGSEND = YES;
				ENABLE_TESTABILITY = YES;
				GCC_C_LANGUAGE_STANDARD = gnu99;
				GCC_DYNAMIC_NO_PIC = NO;
				GCC_NO_COMMON_BLOCKS = YES;
				GCC_OPTIMIZATION_LEVEL = 0;
				GCC_PREPROCESSOR_DEFINITIONS = (
					"DEBUG=1",
					"$(inherited)",
				);
				GCC_WARN_64_TO_32_BIT_CONVERSION = YES;
				GCC_WARN_ABOUT_RETURN_TYPE = YES_ERROR;
				GCC_WARN_UNDECLARED_SELECTOR = YES;
				GCC_WARN_UNINITIALIZED_AUTOS = YES_AGGRESSIVE;
				GCC_WARN_UNUSED_FUNCTION = YES;
				GCC_WARN_UNUSED_VARIABLE = YES;
				IPHONEOS_DEPLOYMENT_TARGET = 9.3;
				MTL_ENABLE_DEBUG_INFO = YES;
				ONLY_ACTIVE_ARCH = YES;
				SDKROOT = iphoneos;
				SWIFT_OPTIMIZATION_LEVEL = "-Onone";
			};
			name = Debug;
		};
		48B79F971D2FF4FC00E6365A /* Release */ = {
			isa = XCBuildConfiguration;
			buildSettings = {
				ALWAYS_SEARCH_USER_PATHS = NO;
				CLANG_ANALYZER_NONNULL = YES;
				CLANG_CXX_LANGUAGE_STANDARD = "gnu++0x";
				CLANG_CXX_LIBRARY = "libc++";
				CLANG_ENABLE_MODULES = YES;
				CLANG_ENABLE_OBJC_ARC = YES;
				CLANG_WARN_BOOL_CONVERSION = YES;
				CLANG_WARN_CONSTANT_CONVERSION = YES;
				CLANG_WARN_DIRECT_OBJC_ISA_USAGE = YES_ERROR;
				CLANG_WARN_EMPTY_BODY = YES;
				CLANG_WARN_ENUM_CONVERSION = YES;
				CLANG_WARN_INT_CONVERSION = YES;
				CLANG_WARN_OBJC_ROOT_CLASS = YES_ERROR;
				CLANG_WARN_UNREACHABLE_CODE = YES;
				CLANG_WARN__DUPLICATE_METHOD_MATCH = YES;
				"CODE_SIGN_IDENTITY[sdk=iphoneos*]" = "iPhone Developer";
				COPY_PHASE_STRIP = NO;
				DEBUG_INFORMATION_FORMAT = "dwarf-with-dsym";
				ENABLE_NS_ASSERTIONS = NO;
				ENABLE_STRICT_OBJC_MSGSEND = YES;
				GCC_C_LANGUAGE_STANDARD = gnu99;
				GCC_NO_COMMON_BLOCKS = YES;
				GCC_WARN_64_TO_32_BIT_CONVERSION = YES;
				GCC_WARN_ABOUT_RETURN_TYPE = YES_ERROR;
				GCC_WARN_UNDECLARED_SELECTOR = YES;
				GCC_WARN_UNINITIALIZED_AUTOS = YES_AGGRESSIVE;
				GCC_WARN_UNUSED_FUNCTION = YES;
				GCC_WARN_UNUSED_VARIABLE = YES;
				IPHONEOS_DEPLOYMENT_TARGET = 9.3;
				MTL_ENABLE_DEBUG_INFO = NO;
				SDKROOT = iphoneos;
				VALIDATE_PRODUCT = YES;
			};
			name = Release;
		};
		48B79F991D2FF4FC00E6365A /* Debug */ = {
			isa = XCBuildConfiguration;
			buildSettings = {
				ASSETCATALOG_COMPILER_APPICON_NAME = AppIcon;
				CODE_SIGN_IDENTITY = "iPhone Developer";
				EMBEDDED_CONTENT_CONTAINS_SWIFT = YES;
				FRAMEWORK_SEARCH_PATHS = (
					"$(inherited)",
					"$(PROJECT_DIR)Core/build/Debug-iphoneos",
				);
				INFOPLIST_FILE = OvTijd/Info.plist;
				LD_RUNPATH_SEARCH_PATHS = "$(inherited) @executable_path/Frameworks";
				PRODUCT_BUNDLE_IDENTIFIER = nl.stegman.OvTijd;
				PRODUCT_NAME = "$(TARGET_NAME)";
			};
			name = Debug;
		};
		48B79F9A1D2FF4FC00E6365A /* Release */ = {
			isa = XCBuildConfiguration;
			buildSettings = {
				ASSETCATALOG_COMPILER_APPICON_NAME = AppIcon;
				CODE_SIGN_IDENTITY = "iPhone Developer";
				EMBEDDED_CONTENT_CONTAINS_SWIFT = YES;
				FRAMEWORK_SEARCH_PATHS = (
					"$(inherited)",
					"$(PROJECT_DIR)Core/build/Debug-iphoneos",
				);
				INFOPLIST_FILE = OvTijd/Info.plist;
				LD_RUNPATH_SEARCH_PATHS = "$(inherited) @executable_path/Frameworks";
				PRODUCT_BUNDLE_IDENTIFIER = nl.stegman.OvTijd;
				PRODUCT_NAME = "$(TARGET_NAME)";
			};
			name = Release;
		};
/* End XCBuildConfiguration section */

/* Begin XCConfigurationList section */
		48B79F811D2FF4FC00E6365A /* Build configuration list for PBXProject "OvTijd" */ = {
			isa = XCConfigurationList;
			buildConfigurations = (
				48B79F961D2FF4FC00E6365A /* Debug */,
				48B79F971D2FF4FC00E6365A /* Release */,
			);
			defaultConfigurationIsVisible = 0;
			defaultConfigurationName = Release;
		};
		48B79F981D2FF4FC00E6365A /* Build configuration list for PBXNativeTarget "OvTijd" */ = {
			isa = XCConfigurationList;
			buildConfigurations = (
				48B79F991D2FF4FC00E6365A /* Debug */,
				48B79F9A1D2FF4FC00E6365A /* Release */,
			);
			defaultConfigurationIsVisible = 0;
			defaultConfigurationName = Release;
		};
/* End XCConfigurationList section */
	};
	rootObject = 48B79F7E1D2FF4FC00E6365A /* Project object */;
}
